
Microsoft Visual Studio Solution File, Format Version 12.00
# Visual Studio Version 16
VisualStudioVersion = 16.0.32802.440
MinimumVisualStudioVersion = 10.0.40219.1
Project("{FAE04EC0-301F-11D3-BF4B-00C04F79EFBC}") = "GetWindowsCredentials", "GetWindowsCredentials\GetWindowsCredentials.csproj", "{0A64E4F7-7F5A-41DC-A436-6EEF065EA4FE}"
EndProject
Global
	GlobalSection(SolutionConfigurationPlatforms) = preSolution
		Debug|Any CPU = Debug|Any CPU
		Release|Any CPU = Release|Any CPU
	EndGlobalSection
	GlobalSection(ProjectConfigurationPlatforms) = postSolution
		{0A64E4F7-7F5A-41DC-A436-6EEF065EA4FE}.Debug|Any CPU.ActiveCfg = Debug|Any CPU
		{0A64E4F7-7F5A-41DC-A436-6EEF065EA4FE}.Debug|Any CPU.Build.0 = Debug|Any CPU
		{0A64E4F7-7F5A-41DC-A436-6EEF065EA4FE}.Release|Any CPU.ActiveCfg = Release|Any CPU
		{0A64E4F7-7F5A-41DC-A436-6EEF065EA4FE}.Release|Any CPU.Build.0 = Release|Any CPU
	EndGlobalSection
	GlobalSection(SolutionProperties) = preSolution
		HideSolutionNode = FALSE
	EndGlobalSection
	GlobalSection(ExtensibilityGlobals) = postSolution
		SolutionGuid = {92BC13B6-AA6D-4DED-BAF5-6CA65BD7E432}
	EndGlobalSection
EndGlobal
